# This file is automatically @generated by Cargo.
# It is not intended for manual editing.
version = 3

[[package]]
name = "integer-encoding"
version = "3.0.2"
source = "registry+https://github.com/rust-lang/crates.io-index"
checksum = "90c11140ffea82edce8dcd74137ce9324ec24b3cf0175fc9d7e29164da9915b8"

[[package]]
name = "photon"
version = "0.1.0"
dependencies = [
 "integer-encoding",
]
